
Microsoft Visual Studio Solution File, Format Version 12.00
# Visual Studio Version 17
VisualStudioVersion = 17.14.36623.8
MinimumVisualStudioVersion = 10.0.40219.1
Project("{8BC9CEB8-8B4A-11D0-8D11-00A0C91BC942}") = "Hello", "Hello\Hello.vcxproj", "{BABCF033-79A4-4DD7-8A80-3A4D60B1C713}"
EndProject
Project("{8BC9CEB8-8B4A-11D0-8D11-00A0C91BC942}") = "Sum", "Sum\Sum.vcxproj", "{633FA278-E772-4DEB-935C-2F9C0ED6CB8F}"
EndProject
Project("{8BC9CEB8-8B4A-11D0-8D11-00A0C91BC942}") = "Example1", "Example1\Example1.vcxproj", "{9889B289-B2ED-4CA6-BAC2-96F9AA1DEDA4}"
EndProject
Project("{8BC9CEB8-8B4A-11D0-8D11-00A0C91BC942}") = "A10", "A10\A10.vcxproj", "{3652A29F-242D-4145-A6BD-F0EE30345D81}"
EndProject
Project("{8BC9CEB8-8B4A-11D0-8D11-00A0C91BC942}") = "IfElse", "IfElse\IfElse.vcxproj", "{57967397-CFBD-4DAF-8342-8BC9C819F747}"
EndProject
Project("{8BC9CEB8-8B4A-11D0-8D11-00A0C91BC942}") = "QuadraticEquation", "QuadraticEquation\QuadraticEquation.vcxproj", "{0062C6C4-B544-4F7D-99CB-3468D90ECC7D}"
EndProject
Project("{8BC9CEB8-8B4A-11D0-8D11-00A0C91BC942}") = "Cycles", "Cycles\Cycles.vcxproj", "{17E9219C-2D34-41E2-8719-ABDD1097A933}"
EndProject
Global
	GlobalSection(SolutionConfigurationPlatforms) = preSolution
		Debug|x64 = Debug|x64
		Debug|x86 = Debug|x86
		Release|x64 = Release|x64
		Release|x86 = Release|x86
	EndGlobalSection
	GlobalSection(ProjectConfigurationPlatforms) = postSolution
		{BABCF033-79A4-4DD7-8A80-3A4D60B1C713}.Debug|x64.ActiveCfg = Debug|x64
		{BABCF033-79A4-4DD7-8A80-3A4D60B1C713}.Debug|x64.Build.0 = Debug|x64
		{BABCF033-79A4-4DD7-8A80-3A4D60B1C713}.Debug|x86.ActiveCfg = Debug|Win32
		{BABCF033-79A4-4DD7-8A80-3A4D60B1C713}.Debug|x86.Build.0 = Debug|Win32
		{BABCF033-79A4-4DD7-8A80-3A4D60B1C713}.Release|x64.ActiveCfg = Release|x64
		{BABCF033-79A4-4DD7-8A80-3A4D60B1C713}.Release|x64.Build.0 = Release|x64
		{BABCF033-79A4-4DD7-8A80-3A4D60B1C713}.Release|x86.ActiveCfg = Release|Win32
		{BABCF033-79A4-4DD7-8A80-3A4D60B1C713}.Release|x86.Build.0 = Release|Win32
		{633FA278-E772-4DEB-935C-2F9C0ED6CB8F}.Debug|x64.ActiveCfg = Debug|x64
		{633FA278-E772-4DEB-935C-2F9C0ED6CB8F}.Debug|x64.Build.0 = Debug|x64
		{633FA278-E772-4DEB-935C-2F9C0ED6CB8F}.Debug|x86.ActiveCfg = Debug|Win32
		{633FA278-E772-4DEB-935C-2F9C0ED6CB8F}.Debug|x86.Build.0 = Debug|Win32
		{633FA278-E772-4DEB-935C-2F9C0ED6CB8F}.Release|x64.ActiveCfg = Release|x64
		{633FA278-E772-4DEB-935C-2F9C0ED6CB8F}.Release|x64.Build.0 = Release|x64
		{633FA278-E772-4DEB-935C-2F9C0ED6CB8F}.Release|x86.ActiveCfg = Release|Win32
		{633FA278-E772-4DEB-935C-2F9C0ED6CB8F}.Release|x86.Build.0 = Release|Win32
		{9889B289-B2ED-4CA6-BAC2-96F9AA1DEDA4}.Debug|x64.ActiveCfg = Debug|x64
		{9889B289-B2ED-4CA6-BAC2-96F9AA1DEDA4}.Debug|x64.Build.0 = Debug|x64
		{9889B289-B2ED-4CA6-BAC2-96F9AA1DEDA4}.Debug|x86.ActiveCfg = Debug|Win32
		{9889B289-B2ED-4CA6-BAC2-96F9AA1DEDA4}.Debug|x86.Build.0 = Debug|Win32
		{9889B289-B2ED-4CA6-BAC2-96F9AA1DEDA4}.Release|x64.ActiveCfg = Release|x64
		{9889B289-B2ED-4CA6-BAC2-96F9AA1DEDA4}.Release|x64.Build.0 = Release|x64
		{9889B289-B2ED-4CA6-BAC2-96F9AA1DEDA4}.Release|x86.ActiveCfg = Release|Win32
		{9889B289-B2ED-4CA6-BAC2-96F9AA1DEDA4}.Release|x86.Build.0 = Release|Win32
		{3652A29F-242D-4145-A6BD-F0EE30345D81}.Debug|x64.ActiveCfg = Debug|x64
		{3652A29F-242D-4145-A6BD-F0EE30345D81}.Debug|x64.Build.0 = Debug|x64
		{3652A29F-242D-4145-A6BD-F0EE30345D81}.Debug|x86.ActiveCfg = Debug|Win32
		{3652A29F-242D-4145-A6BD-F0EE30345D81}.Debug|x86.Build.0 = Debug|Win32
		{3652A29F-242D-4145-A6BD-F0EE30345D81}.Release|x64.ActiveCfg = Release|x64
		{3652A29F-242D-4145-A6BD-F0EE30345D81}.Release|x64.Build.0 = Release|x64
		{3652A29F-242D-4145-A6BD-F0EE30345D81}.Release|x86.ActiveCfg = Release|Win32
		{3652A29F-242D-4145-A6BD-F0EE30345D81}.Release|x86.Build.0 = Release|Win32
		{57967397-CFBD-4DAF-8342-8BC9C819F747}.Debug|x64.ActiveCfg = Debug|x64
		{57967397-CFBD-4DAF-8342-8BC9C819F747}.Debug|x64.Build.0 = Debug|x64
		{57967397-CFBD-4DAF-8342-8BC9C819F747}.Debug|x86.ActiveCfg = Debug|Win32
		{57967397-CFBD-4DAF-8342-8BC9C819F747}.Debug|x86.Build.0 = Debug|Win32
		{57967397-CFBD-4DAF-8342-8BC9C819F747}.Release|x64.ActiveCfg = Release|x64
		{57967397-CFBD-4DAF-8342-8BC9C819F747}.Release|x64.Build.0 = Release|x64
		{57967397-CFBD-4DAF-8342-8BC9C819F747}.Release|x86.ActiveCfg = Release|Win32
		{57967397-CFBD-4DAF-8342-8BC9C819F747}.Release|x86.Build.0 = Release|Win32
		{0062C6C4-B544-4F7D-99CB-3468D90ECC7D}.Debug|x64.ActiveCfg = Debug|x64
		{0062C6C4-B544-4F7D-99CB-3468D90ECC7D}.Debug|x64.Build.0 = Debug|x64
		{0062C6C4-B544-4F7D-99CB-3468D90ECC7D}.Debug|x86.ActiveCfg = Debug|Win32
		{0062C6C4-B544-4F7D-99CB-3468D90ECC7D}.Debug|x86.Build.0 = Debug|Win32
		{0062C6C4-B544-4F7D-99CB-3468D90ECC7D}.Release|x64.ActiveCfg = Release|x64
		{0062C6C4-B544-4F7D-99CB-3468D90ECC7D}.Release|x64.Build.0 = Release|x64
		{0062C6C4-B544-4F7D-99CB-3468D90ECC7D}.Release|x86.ActiveCfg = Release|Win32
		{0062C6C4-B544-4F7D-99CB-3468D90ECC7D}.Release|x86.Build.0 = Release|Win32
		{17E9219C-2D34-41E2-8719-ABDD1097A933}.Debug|x64.ActiveCfg = Debug|x64
		{17E9219C-2D34-41E2-8719-ABDD1097A933}.Debug|x64.Build.0 = Debug|x64
		{17E9219C-2D34-41E2-8719-ABDD1097A933}.Debug|x86.ActiveCfg = Debug|Win32
		{17E9219C-2D34-41E2-8719-ABDD1097A933}.Debug|x86.Build.0 = Debug|Win32
		{17E9219C-2D34-41E2-8719-ABDD1097A933}.Release|x64.ActiveCfg = Release|x64
		{17E9219C-2D34-41E2-8719-ABDD1097A933}.Release|x64.Build.0 = Release|x64
		{17E9219C-2D34-41E2-8719-ABDD1097A933}.Release|x86.ActiveCfg = Release|Win32
		{17E9219C-2D34-41E2-8719-ABDD1097A933}.Release|x86.Build.0 = Release|Win32
	EndGlobalSection
	GlobalSection(SolutionProperties) = preSolution
		HideSolutionNode = FALSE
	EndGlobalSection
	GlobalSection(ExtensibilityGlobals) = postSolution
		SolutionGuid = {06ECDCE8-3B91-4F42-B169-C11F10DB29A3}
	EndGlobalSection
EndGlobal
